
Microsoft Visual Studio Solution File, Format Version 12.00
# Visual Studio Version 16
VisualStudioVersion = 16.0.30907.101
MinimumVisualStudioVersion = 10.0.40219.1
Project("{8BC9CEB8-8B4A-11D0-8D11-00A0C91BC942}") = "Облачные вычисления", "Облачные вычисления\Облачные вычисления.vcxproj", "{CAAC944E-BF7E-496E-AB6D-D9C1DA15706D}"
EndProject
Global
	GlobalSection(SolutionConfigurationPlatforms) = preSolution
		Debug|x64 = Debug|x64
		Debug|x86 = Debug|x86
		Release|x64 = Release|x64
		Release|x86 = Release|x86
	EndGlobalSection
	GlobalSection(ProjectConfigurationPlatforms) = postSolution
		{CAAC944E-BF7E-496E-AB6D-D9C1DA15706D}.Debug|x64.ActiveCfg = Debug|x64
		{CAAC944E-BF7E-496E-AB6D-D9C1DA15706D}.Debug|x64.Build.0 = Debug|x64
		{CAAC944E-BF7E-496E-AB6D-D9C1DA15706D}.Debug|x86.ActiveCfg = Debug|Win32
		{CAAC944E-BF7E-496E-AB6D-D9C1DA15706D}.Debug|x86.Build.0 = Debug|Win32
		{CAAC944E-BF7E-496E-AB6D-D9C1DA15706D}.Release|x64.ActiveCfg = Release|x64
		{CAAC944E-BF7E-496E-AB6D-D9C1DA15706D}.Release|x64.Build.0 = Release|x64
		{CAAC944E-BF7E-496E-AB6D-D9C1DA15706D}.Release|x86.ActiveCfg = Debug|Win32
		{CAAC944E-BF7E-496E-AB6D-D9C1DA15706D}.Release|x86.Build.0 = Debug|Win32
	EndGlobalSection
	GlobalSection(SolutionProperties) = preSolution
		HideSolutionNode = FALSE
	EndGlobalSection
	GlobalSection(ExtensibilityGlobals) = postSolution
		SolutionGuid = {DA2C7EE6-24D1-4D2E-9A13-5E9666A3CBD2}
	EndGlobalSection
EndGlobal
